// !$*UTF8*$!
{
	archiveVersion = 1;
	classes = {
	};
	objectVersion = 46;
	objects = {

/* Begin PBXBuildFile section */
		D7F9A3F21625363000456BB9 /* UIKit.framework in Frameworks */ = {isa = PBXBuildFile; fileRef = D7F9A3F11625363000456BB9 /* UIKit.framework */; };
		D7F9A3F41625363000456BB9 /* Foundation.framework in Frameworks */ = {isa = PBXBuildFile; fileRef = D7F9A3F31625363000456BB9 /* Foundation.framework */; };
		D7F9A3F61625363000456BB9 /* CoreGraphics.framework in Frameworks */ = {isa = PBXBuildFile; fileRef = D7F9A3F51625363000456BB9 /* CoreGraphics.framework */; };
		D7F9A3FC1625363000456BB9 /* InfoPlist.strings in Resources */ = {isa = PBXBuildFile; fileRef = D7F9A3FA1625363000456BB9 /* InfoPlist.strings */; };
		D7F9A3FE1625363000456BB9 /* main.m in Sources */ = {isa = PBXBuildFile; fileRef = D7F9A3FD1625363000456BB9 /* main.m */; };
		D7F9A4021625363000456BB9 /* AppDelegate.m in Sources */ = {isa = PBXBuildFile; fileRef = D7F9A4011625363000456BB9 /* AppDelegate.m */; };
		D7F9A409162536B600456BB9 /* MainWindow.xib in Resources */ = {isa = PBXBuildFile; fileRef = D7F9A408162536B600456BB9 /* MainWindow.xib */; };
/* End PBXBuildFile section */

/* Begin PBXFileReference section */
		D7F9A3ED1625363000456BB9 /* Quiz.app */ = {isa = PBXFileReference; explicitFileType = wrapper.application; includeInIndex = 0; path = Quiz.app; sourceTree = BUILT_PRODUCTS_DIR; };
		D7F9A3F11625363000456BB9 /* UIKit.framework */ = {isa = PBXFileReference; lastKnownFileType = wrapper.framework; name = UIKit.framework; path = System/Library/Frameworks/UIKit.framework; sourceTree = SDKROOT; };
		D7F9A3F31625363000456BB9 /* Foundation.framework */ = {isa = PBXFileReference; lastKnownFileType = wrapper.framework; name = Foundation.framework; path = System/Library/Frameworks/Foundation.framework; sourceTree = SDKROOT; };
		D7F9A3F51625363000456BB9 /* CoreGraphics.framework */ = {isa = PBXFileReference; lastKnownFileType = wrapper.framework; name = CoreGraphics.framework; path = System/Library/Frameworks/CoreGraphics.framework; sourceTree = SDKROOT; };
		D7F9A3F91625363000456BB9 /* Quiz-Info.plist */ = {isa = PBXFileReference; lastKnownFileType = text.plist.xml; path = "Quiz-Info.plist"; sourceTree = "<group>"; };
		D7F9A3FB1625363000456BB9 /* en */ = {isa = PBXFileReference; lastKnownFileType = text.plist.strings; name = en; path = en.lproj/InfoPlist.strings; sourceTree = "<group>"; };
		D7F9A3FD1625363000456BB9 /* main.m */ = {isa = PBXFileReference; lastKnownFileType = sourcecode.c.objc; path = main.m; sourceTree = "<group>"; };
		D7F9A3FF1625363000456BB9 /* Quiz-Prefix.pch */ = {isa = PBXFileReference; lastKnownFileType = sourcecode.c.h; path = "Quiz-Prefix.pch"; sourceTree = "<group>"; };
		D7F9A4001625363000456BB9 /* AppDelegate.h */ = {isa = PBXFileReference; lastKnownFileType = sourcecode.c.h; path = AppDelegate.h; sourceTree = "<group>"; };
		D7F9A4011625363000456BB9 /* AppDelegate.m */ = {isa = PBXFileReference; lastKnownFileType = sourcecode.c.objc; path = AppDelegate.m; sourceTree = "<group>"; };
		D7F9A408162536B600456BB9 /* MainWindow.xib */ = {isa = PBXFileReference; fileEncoding = 4; lastKnownFileType = file.xib; path = MainWindow.xib; sourceTree = "<group>"; };
/* End PBXFileReference section */

/* Begin PBXFrameworksBuildPhase section */
		D7F9A3EA1625363000456BB9 /* Frameworks */ = {
			isa = PBXFrameworksBuildPhase;
			buildActionMask = 2147483647;
			files = (
				D7F9A3F21625363000456BB9 /* UIKit.framework in Frameworks */,
				D7F9A3F41625363000456BB9 /* Foundation.framework in Frameworks */,
				D7F9A3F61625363000456BB9 /* CoreGraphics.framework in Frameworks */,
			);
			runOnlyForDeploymentPostprocessing = 0;
		};
/* End PBXFrameworksBuildPhase section */

/* Begin PBXGroup section */
		D7F9A3E21625363000456BB9 = {
			isa = PBXGroup;
			children = (
				D7F9A3F71625363000456BB9 /* Quiz */,
				D7F9A3F01625363000456BB9 /* Frameworks */,
				D7F9A3EE1625363000456BB9 /* Products */,
			);
			sourceTree = "<group>";
		};
		D7F9A3EE1625363000456BB9 /* Products */ = {
			isa = PBXGroup;
			children = (
				D7F9A3ED1625363000456BB9 /* Quiz.app */,
			);
			name = Products;
			sourceTree = "<group>";
		};
		D7F9A3F01625363000456BB9 /* Frameworks */ = {
			isa = PBXGroup;
			children = (
				D7F9A3F11625363000456BB9 /* UIKit.framework */,
				D7F9A3F31625363000456BB9 /* Foundation.framework */,
				D7F9A3F51625363000456BB9 /* CoreGraphics.framework */,
			);
			name = Frameworks;
			sourceTree = "<group>";
		};
		D7F9A3F71625363000456BB9 /* Quiz */ = {
			isa = PBXGroup;
			children = (
				D7F9A4001625363000456BB9 /* AppDelegate.h */,
				D7F9A4011625363000456BB9 /* AppDelegate.m */,
				D7F9A3F81625363000456BB9 /* Supporting Files */,
				D7F9A408162536B600456BB9 /* MainWindow.xib */,
			);
			path = Quiz;
			sourceTree = "<group>";
		};
		D7F9A3F81625363000456BB9 /* Supporting Files */ = {
			isa = PBXGroup;
			children = (
				D7F9A3F91625363000456BB9 /* Quiz-Info.plist */,
				D7F9A3FA1625363000456BB9 /* InfoPlist.strings */,
				D7F9A3FD1625363000456BB9 /* main.m */,
				D7F9A3FF1625363000456BB9 /* Quiz-Prefix.pch */,
			);
			name = "Supporting Files";
			sourceTree = "<group>";
		};
/* End PBXGroup section */

/* Begin PBXNativeTarget section */
		D7F9A3EC1625363000456BB9 /* Quiz */ = {
			isa = PBXNativeTarget;
			buildConfigurationList = D7F9A4051625363000456BB9 /* Build configuration list for PBXNativeTarget "Quiz" */;
			buildPhases = (
				D7F9A3E91625363000456BB9 /* Sources */,
				D7F9A3EA1625363000456BB9 /* Frameworks */,
				D7F9A3EB1625363000456BB9 /* Resources */,
			);
			buildRules = (
			);
			dependencies = (
			);
			name = Quiz;
			productName = Quiz;
			productReference = D7F9A3ED1625363000456BB9 /* Quiz.app */;
			productType = "com.apple.product-type.application";
		};
/* End PBXNativeTarget section */

/* Begin PBXProject section */
		D7F9A3E41625363000456BB9 /* Project object */ = {
			isa = PBXProject;
			attributes = {
				LastUpgradeCheck = 0430;
				ORGANIZATIONNAME = "AELOGICA LLC";
			};
			buildConfigurationList = D7F9A3E71625363000456BB9 /* Build configuration list for PBXProject "Quiz" */;
			compatibilityVersion = "Xcode 3.2";
			developmentRegion = English;
			hasScannedForEncodings = 0;
			knownRegions = (
				en,
			);
			mainGroup = D7F9A3E21625363000456BB9;
			productRefGroup = D7F9A3EE1625363000456BB9 /* Products */;
			projectDirPath = "";
			projectRoot = "";
			targets = (
				D7F9A3EC1625363000456BB9 /* Quiz */,
			);
		};
/* End PBXProject section */

/* Begin PBXResourcesBuildPhase section */
		D7F9A3EB1625363000456BB9 /* Resources */ = {
			isa = PBXResourcesBuildPhase;
			buildActionMask = 2147483647;
			files = (
				D7F9A3FC1625363000456BB9 /* InfoPlist.strings in Resources */,
				D7F9A409162536B600456BB9 /* MainWindow.xib in Resources */,
			);
			runOnlyForDeploymentPostprocessing = 0;
		};
/* End PBXResourcesBuildPhase section */

/* Begin PBXSourcesBuildPhase section */
		D7F9A3E91625363000456BB9 /* Sources */ = {
			isa = PBXSourcesBuildPhase;
			buildActionMask = 2147483647;
			files = (
				D7F9A3FE1625363000456BB9 /* main.m in Sources */,
				D7F9A4021625363000456BB9 /* AppDelegate.m in Sources */,
			);
			runOnlyForDeploymentPostprocessing = 0;
		};
/* End PBXSourcesBuildPhase section */

/* Begin PBXVariantGroup section */
		D7F9A3FA1625363000456BB9 /* InfoPlist.strings */ = {
			isa = PBXVariantGroup;
			children = (
				D7F9A3FB1625363000456BB9 /* en */,
			);
			name = InfoPlist.strings;
			sourceTree = "<group>";
		};
/* End PBXVariantGroup section */

/* Begin XCBuildConfiguration section */
		D7F9A4031625363000456BB9 /* Debug */ = {
			isa = XCBuildConfiguration;
			buildSettings = {
				ALWAYS_SEARCH_USER_PATHS = NO;
				ARCHS = "$(ARCHS_STANDARD_32_BIT)";
				"CODE_SIGN_IDENTITY[sdk=iphoneos*]" = "iPhone Developer";
				COPY_PHASE_STRIP = NO;
				GCC_C_LANGUAGE_STANDARD = gnu99;
				GCC_DYNAMIC_NO_PIC = NO;
				GCC_OPTIMIZATION_LEVEL = 0;
				GCC_PREPROCESSOR_DEFINITIONS = (
					"DEBUG=1",
					"$(inherited)",
				);
				GCC_SYMBOLS_PRIVATE_EXTERN = NO;
				GCC_VERSION = com.apple.compilers.llvm.clang.1_0;
				GCC_WARN_ABOUT_RETURN_TYPE = YES;
				GCC_WARN_UNINITIALIZED_AUTOS = YES;
				GCC_WARN_UNUSED_VARIABLE = YES;
				IPHONEOS_DEPLOYMENT_TARGET = 5.1;
				SDKROOT = iphoneos;
			};
			name = Debug;
		};
		D7F9A4041625363000456BB9 /* Release */ = {
			isa = XCBuildConfiguration;
			buildSettings = {
				ALWAYS_SEARCH_USER_PATHS = NO;
				ARCHS = "$(ARCHS_STANDARD_32_BIT)";
				"CODE_SIGN_IDENTITY[sdk=iphoneos*]" = "iPhone Developer";
				COPY_PHASE_STRIP = YES;
				GCC_C_LANGUAGE_STANDARD = gnu99;
				GCC_VERSION = com.apple.compilers.llvm.clang.1_0;
				GCC_WARN_ABOUT_RETURN_TYPE = YES;
				GCC_WARN_UNINITIALIZED_AUTOS = YES;
				GCC_WARN_UNUSED_VARIABLE = YES;
				IPHONEOS_DEPLOYMENT_TARGET = 5.1;
				OTHER_CFLAGS = "-DNS_BLOCK_ASSERTIONS=1";
				SDKROOT = iphoneos;
				VALIDATE_PRODUCT = YES;
			};
			name = Release;
		};
		D7F9A4061625363000456BB9 /* Debug */ = {
			isa = XCBuildConfiguration;
			buildSettings = {
				GCC_PRECOMPILE_PREFIX_HEADER = YES;
				GCC_PREFIX_HEADER = "Quiz/Quiz-Prefix.pch";
				INFOPLIST_FILE = "Quiz/Quiz-Info.plist";
				PRODUCT_NAME = "$(TARGET_NAME)";
				WRAPPER_EXTENSION = app;
			};
			name = Debug;
		};
		D7F9A4071625363000456BB9 /* Release */ = {
			isa = XCBuildConfiguration;
			buildSettings = {
				GCC_PRECOMPILE_PREFIX_HEADER = YES;
				GCC_PREFIX_HEADER = "Quiz/Quiz-Prefix.pch";
				INFOPLIST_FILE = "Quiz/Quiz-Info.plist";
				PRODUCT_NAME = "$(TARGET_NAME)";
				WRAPPER_EXTENSION = app;
			};
			name = Release;
		};
/* End XCBuildConfiguration section */

/* Begin XCConfigurationList section */
		D7F9A3E71625363000456BB9 /* Build configuration list for PBXProject "Quiz" */ = {
			isa = XCConfigurationList;
			buildConfigurations = (
				D7F9A4031625363000456BB9 /* Debug */,
				D7F9A4041625363000456BB9 /* Release */,
			);
			defaultConfigurationIsVisible = 0;
			defaultConfigurationName = Release;
		};
		D7F9A4051625363000456BB9 /* Build configuration list for PBXNativeTarget "Quiz" */ = {
			isa = XCConfigurationList;
			buildConfigurations = (
				D7F9A4061625363000456BB9 /* Debug */,
				D7F9A4071625363000456BB9 /* Release */,
			);
			defaultConfigurationIsVisible = 0;
		};
/* End XCConfigurationList section */
	};
	rootObject = D7F9A3E41625363000456BB9 /* Project object */;
}
